
Microsoft Visual Studio Solution File, Format Version 12.00
# Visual Studio Version 17
VisualStudioVersion = 17.3.32901.215
MinimumVisualStudioVersion = 10.0.40219.1
Project("{FAE04EC0-301F-11D3-BF4B-00C04F79EFBC}") = "TB_megah_Prisya", "TB_megah_Prisya\TB_megah_Prisya.csproj", "{022C67BB-815B-4E76-BC0F-159064BF3766}"
EndProject
Global
	GlobalSection(SolutionConfigurationPlatforms) = preSolution
		Debug|Any CPU = Debug|Any CPU
		Release|Any CPU = Release|Any CPU
	EndGlobalSection
	GlobalSection(ProjectConfigurationPlatforms) = postSolution
		{022C67BB-815B-4E76-BC0F-159064BF3766}.Debug|Any CPU.ActiveCfg = Debug|Any CPU
		{022C67BB-815B-4E76-BC0F-159064BF3766}.Debug|Any CPU.Build.0 = Debug|Any CPU
		{022C67BB-815B-4E76-BC0F-159064BF3766}.Release|Any CPU.ActiveCfg = Release|Any CPU
		{022C67BB-815B-4E76-BC0F-159064BF3766}.Release|Any CPU.Build.0 = Release|Any CPU
	EndGlobalSection
	GlobalSection(SolutionProperties) = preSolution
		HideSolutionNode = FALSE
	EndGlobalSection
	GlobalSection(ExtensibilityGlobals) = postSolution
		SolutionGuid = {F5E31129-207C-4A90-BB56-027922FB75D6}
	EndGlobalSection
EndGlobal
